
Microsoft Visual Studio Solution File, Format Version 12.00
# Visual Studio Version 17
VisualStudioVersion = 17.0.31903.59
MinimumVisualStudioVersion = 10.0.40219.1
Project("{2150E333-8FDC-42A3-9474-1A3956D46DE8}") = "aspire", "aspire", "{64880D93-BAB4-FF83-898C-B934B68C31A9}"
EndProject
Project("{FAE04EC0-301F-11D3-BF4B-00C04F79EFBC}") = "AspireStarterApp01.AppHost", "aspire\AspireStarterApp01.AppHost\AspireStarterApp01.AppHost.csproj", "{A9F8F4C9-1785-4BF8-AE0D-159D89E998A9}"
EndProject
Project("{FAE04EC0-301F-11D3-BF4B-00C04F79EFBC}") = "AspireStarterApp01.ServiceDefaults", "aspire\AspireStarterApp01.ServiceDefaults\AspireStarterApp01.ServiceDefaults.csproj", "{07827DDB-346E-4860-9FB2-2785D3CE3EFE}"
EndProject
Project("{FAE04EC0-301F-11D3-BF4B-00C04F79EFBC}") = "AspireStarterApp01.ApiService", "aspire\AspireStarterApp01.ApiService\AspireStarterApp01.ApiService.csproj", "{3A1B1194-7D56-45AA-BE4F-F0C7B17A0DD1}"
EndProject
Project("{FAE04EC0-301F-11D3-BF4B-00C04F79EFBC}") = "AspireStarterApp01.Web", "aspire\AspireStarterApp01.Web\AspireStarterApp01.Web.csproj", "{09298500-A50E-4CE8-90B7-B5B9C2CEA2DA}"
EndProject
Global
	GlobalSection(SolutionConfigurationPlatforms) = preSolution
		Debug|Any CPU = Debug|Any CPU
		Debug|x64 = Debug|x64
		Debug|x86 = Debug|x86
		Release|Any CPU = Release|Any CPU
		Release|x64 = Release|x64
		Release|x86 = Release|x86
	EndGlobalSection
	GlobalSection(ProjectConfigurationPlatforms) = postSolution
		{A9F8F4C9-1785-4BF8-AE0D-159D89E998A9}.Debug|Any CPU.ActiveCfg = Debug|Any CPU
		{A9F8F4C9-1785-4BF8-AE0D-159D89E998A9}.Debug|Any CPU.Build.0 = Debug|Any CPU
		{A9F8F4C9-1785-4BF8-AE0D-159D89E998A9}.Debug|x64.ActiveCfg = Debug|Any CPU
		{A9F8F4C9-1785-4BF8-AE0D-159D89E998A9}.Debug|x64.Build.0 = Debug|Any CPU
		{A9F8F4C9-1785-4BF8-AE0D-159D89E998A9}.Debug|x86.ActiveCfg = Debug|Any CPU
		{A9F8F4C9-1785-4BF8-AE0D-159D89E998A9}.Debug|x86.Build.0 = Debug|Any CPU
		{A9F8F4C9-1785-4BF8-AE0D-159D89E998A9}.Release|Any CPU.ActiveCfg = Release|Any CPU
		{A9F8F4C9-1785-4BF8-AE0D-159D89E998A9}.Release|Any CPU.Build.0 = Release|Any CPU
		{A9F8F4C9-1785-4BF8-AE0D-159D89E998A9}.Release|x64.ActiveCfg = Release|Any CPU
		{A9F8F4C9-1785-4BF8-AE0D-159D89E998A9}.Release|x64.Build.0 = Release|Any CPU
		{A9F8F4C9-1785-4BF8-AE0D-159D89E998A9}.Release|x86.ActiveCfg = Release|Any CPU
		{A9F8F4C9-1785-4BF8-AE0D-159D89E998A9}.Release|x86.Build.0 = Release|Any CPU
		{07827DDB-346E-4860-9FB2-2785D3CE3EFE}.Debug|Any CPU.ActiveCfg = Debug|Any CPU
		{07827DDB-346E-4860-9FB2-2785D3CE3EFE}.Debug|Any CPU.Build.0 = Debug|Any CPU
		{07827DDB-346E-4860-9FB2-2785D3CE3EFE}.Debug|x64.ActiveCfg = Debug|Any CPU
		{07827DDB-346E-4860-9FB2-2785D3CE3EFE}.Debug|x64.Build.0 = Debug|Any CPU
		{07827DDB-346E-4860-9FB2-2785D3CE3EFE}.Debug|x86.ActiveCfg = Debug|Any CPU
		{07827DDB-346E-4860-9FB2-2785D3CE3EFE}.Debug|x86.Build.0 = Debug|Any CPU
		{07827DDB-346E-4860-9FB2-2785D3CE3EFE}.Release|Any CPU.ActiveCfg = Release|Any CPU
		{07827DDB-346E-4860-9FB2-2785D3CE3EFE}.Release|Any CPU.Build.0 = Release|Any CPU
		{07827DDB-346E-4860-9FB2-2785D3CE3EFE}.Release|x64.ActiveCfg = Release|Any CPU
		{07827DDB-346E-4860-9FB2-2785D3CE3EFE}.Release|x64.Build.0 = Release|Any CPU
		{07827DDB-346E-4860-9FB2-2785D3CE3EFE}.Release|x86.ActiveCfg = Release|Any CPU
		{07827DDB-346E-4860-9FB2-2785D3CE3EFE}.Release|x86.Build.0 = Release|Any CPU
		{3A1B1194-7D56-45AA-BE4F-F0C7B17A0DD1}.Debug|Any CPU.ActiveCfg = Debug|Any CPU
		{3A1B1194-7D56-45AA-BE4F-F0C7B17A0DD1}.Debug|Any CPU.Build.0 = Debug|Any CPU
		{3A1B1194-7D56-45AA-BE4F-F0C7B17A0DD1}.Debug|x64.ActiveCfg = Debug|Any CPU
		{3A1B1194-7D56-45AA-BE4F-F0C7B17A0DD1}.Debug|x64.Build.0 = Debug|Any CPU
		{3A1B1194-7D56-45AA-BE4F-F0C7B17A0DD1}.Debug|x86.ActiveCfg = Debug|Any CPU
		{3A1B1194-7D56-45AA-BE4F-F0C7B17A0DD1}.Debug|x86.Build.0 = Debug|Any CPU
		{3A1B1194-7D56-45AA-BE4F-F0C7B17A0DD1}.Release|Any CPU.ActiveCfg = Release|Any CPU
		{3A1B1194-7D56-45AA-BE4F-F0C7B17A0DD1}.Release|Any CPU.Build.0 = Release|Any CPU
		{3A1B1194-7D56-45AA-BE4F-F0C7B17A0DD1}.Release|x64.ActiveCfg = Release|Any CPU
		{3A1B1194-7D56-45AA-BE4F-F0C7B17A0DD1}.Release|x64.Build.0 = Release|Any CPU
		{3A1B1194-7D56-45AA-BE4F-F0C7B17A0DD1}.Release|x86.ActiveCfg = Release|Any CPU
		{3A1B1194-7D56-45AA-BE4F-F0C7B17A0DD1}.Release|x86.Build.0 = Release|Any CPU
		{09298500-A50E-4CE8-90B7-B5B9C2CEA2DA}.Debug|Any CPU.ActiveCfg = Debug|Any CPU
		{09298500-A50E-4CE8-90B7-B5B9C2CEA2DA}.Debug|Any CPU.Build.0 = Debug|Any CPU
		{09298500-A50E-4CE8-90B7-B5B9C2CEA2DA}.Debug|x64.ActiveCfg = Debug|Any CPU
		{09298500-A50E-4CE8-90B7-B5B9C2CEA2DA}.Debug|x64.Build.0 = Debug|Any CPU
		{09298500-A50E-4CE8-90B7-B5B9C2CEA2DA}.Debug|x86.ActiveCfg = Debug|Any CPU
		{09298500-A50E-4CE8-90B7-B5B9C2CEA2DA}.Debug|x86.Build.0 = Debug|Any CPU
		{09298500-A50E-4CE8-90B7-B5B9C2CEA2DA}.Release|Any CPU.ActiveCfg = Release|Any CPU
		{09298500-A50E-4CE8-90B7-B5B9C2CEA2DA}.Release|Any CPU.Build.0 = Release|Any CPU
		{09298500-A50E-4CE8-90B7-B5B9C2CEA2DA}.Release|x64.ActiveCfg = Release|Any CPU
		{09298500-A50E-4CE8-90B7-B5B9C2CEA2DA}.Release|x64.Build.0 = Release|Any CPU
		{09298500-A50E-4CE8-90B7-B5B9C2CEA2DA}.Release|x86.ActiveCfg = Release|Any CPU
		{09298500-A50E-4CE8-90B7-B5B9C2CEA2DA}.Release|x86.Build.0 = Release|Any CPU
	EndGlobalSection
	GlobalSection(SolutionProperties) = preSolution
		HideSolutionNode = FALSE
	EndGlobalSection
	GlobalSection(NestedProjects) = preSolution
		{A9F8F4C9-1785-4BF8-AE0D-159D89E998A9} = {64880D93-BAB4-FF83-898C-B934B68C31A9}
		{07827DDB-346E-4860-9FB2-2785D3CE3EFE} = {64880D93-BAB4-FF83-898C-B934B68C31A9}
		{3A1B1194-7D56-45AA-BE4F-F0C7B17A0DD1} = {64880D93-BAB4-FF83-898C-B934B68C31A9}
		{09298500-A50E-4CE8-90B7-B5B9C2CEA2DA} = {64880D93-BAB4-FF83-898C-B934B68C31A9}
	EndGlobalSection
EndGlobal
