
Microsoft Visual Studio Solution File, Format Version 12.00
# Visual Studio 2012
Project("{FAE04EC0-301F-11D3-BF4B-00C04F79EFBC}") = "ProjA", "ProjA\ProjA.csproj", "{EDB206F3-9C0D-43FF-B1EF-26B3469A17AB}"
EndProject
Project("{FAE04EC0-301F-11D3-BF4B-00C04F79EFBC}") = "ProjB", "ProjB\ProjB.csproj", "{6F3AC67A-1535-41D8-B5A3-3D9BF20F6B4B}"
EndProject
Project("{2150E333-8FDC-42A3-9474-1A3956D46DE8}") = "Build", "Build", "{02FB812C-132E-409C-9F04-FDFEBE82A7FF}"
	ProjectSection(SolutionItems) = preProject
		build.proj = build.proj
		extend-corecompile.proj = extend-corecompile.proj
	EndProjectSection
EndProject
Global
	GlobalSection(SolutionConfigurationPlatforms) = preSolution
		Debug|Any CPU = Debug|Any CPU
		Release|Any CPU = Release|Any CPU
	EndGlobalSection
	GlobalSection(ProjectConfigurationPlatforms) = postSolution
		{6F3AC67A-1535-41D8-B5A3-3D9BF20F6B4B}.Debug|Any CPU.ActiveCfg = Debug|Any CPU
		{6F3AC67A-1535-41D8-B5A3-3D9BF20F6B4B}.Debug|Any CPU.Build.0 = Debug|Any CPU
		{6F3AC67A-1535-41D8-B5A3-3D9BF20F6B4B}.Release|Any CPU.ActiveCfg = Release|Any CPU
		{6F3AC67A-1535-41D8-B5A3-3D9BF20F6B4B}.Release|Any CPU.Build.0 = Release|Any CPU
		{EDB206F3-9C0D-43FF-B1EF-26B3469A17AB}.Debug|Any CPU.ActiveCfg = Debug|Any CPU
		{EDB206F3-9C0D-43FF-B1EF-26B3469A17AB}.Debug|Any CPU.Build.0 = Debug|Any CPU
		{EDB206F3-9C0D-43FF-B1EF-26B3469A17AB}.Release|Any CPU.ActiveCfg = Release|Any CPU
		{EDB206F3-9C0D-43FF-B1EF-26B3469A17AB}.Release|Any CPU.Build.0 = Release|Any CPU
	EndGlobalSection
	GlobalSection(SolutionProperties) = preSolution
		HideSolutionNode = FALSE
	EndGlobalSection
EndGlobal
