
Microsoft Visual Studio Solution File, Format Version 11.00
# Visual Studio 2010
Project("{FAE04EC0-301F-11D3-BF4B-00C04F79EFBC}") = "TfsDeploy01", "TfsDeploy01\TfsDeploy01.csproj", "{B008D0AA-5CDD-4213-9652-9E6397C77876}"
EndProject
Global
	GlobalSection(TeamFoundationVersionControl) = preSolution
		SccNumberOfProjects = 2
		SccEnterpriseProvider = {4CA58AB2-18FA-4F8D-95D4-32DDF27D184C}
		SccTeamFoundationServer = http://ibrahim-p55:8080/tfs/defaultcollection
		SccLocalPath0 = .
		SccProjectUniqueName1 = TfsDeploy01\\TfsDeploy01.csproj
		SccProjectName1 = TfsDeploy01
		SccLocalPath1 = TfsDeploy01
	EndGlobalSection
	GlobalSection(SolutionConfigurationPlatforms) = preSolution
		Debug|Any CPU = Debug|Any CPU
		Release|Any CPU = Release|Any CPU
	EndGlobalSection
	GlobalSection(ProjectConfigurationPlatforms) = postSolution
		{B008D0AA-5CDD-4213-9652-9E6397C77876}.Debug|Any CPU.ActiveCfg = Debug|Any CPU
		{B008D0AA-5CDD-4213-9652-9E6397C77876}.Debug|Any CPU.Build.0 = Debug|Any CPU
		{B008D0AA-5CDD-4213-9652-9E6397C77876}.Release|Any CPU.ActiveCfg = Release|Any CPU
		{B008D0AA-5CDD-4213-9652-9E6397C77876}.Release|Any CPU.Build.0 = Release|Any CPU
	EndGlobalSection
	GlobalSection(SolutionProperties) = preSolution
		HideSolutionNode = FALSE
	EndGlobalSection
EndGlobal
