
Microsoft Visual Studio Solution File, Format Version 12.00
# Visual Studio 11
Project("{FAE04EC0-301F-11D3-BF4B-00C04F79EFBC}") = "Sedodream.Samples.MSBuild", "Sedodream.Samples.MSBuild\Sedodream.Samples.MSBuild.csproj", "{AB2A8BA2-9278-4D11-9EC8-55D94147DE7C}"
EndProject
Global
	GlobalSection(SolutionConfigurationPlatforms) = preSolution
		Debug|Any CPU = Debug|Any CPU
		Release|Any CPU = Release|Any CPU
	EndGlobalSection
	GlobalSection(ProjectConfigurationPlatforms) = postSolution
		{AB2A8BA2-9278-4D11-9EC8-55D94147DE7C}.Debug|Any CPU.ActiveCfg = Debug|Any CPU
		{AB2A8BA2-9278-4D11-9EC8-55D94147DE7C}.Debug|Any CPU.Build.0 = Debug|Any CPU
		{AB2A8BA2-9278-4D11-9EC8-55D94147DE7C}.Release|Any CPU.ActiveCfg = Release|Any CPU
		{AB2A8BA2-9278-4D11-9EC8-55D94147DE7C}.Release|Any CPU.Build.0 = Release|Any CPU
	EndGlobalSection
	GlobalSection(SolutionProperties) = preSolution
		HideSolutionNode = FALSE
	EndGlobalSection
EndGlobal
