
Microsoft Visual Studio Solution File, Format Version 12.00
# Visual Studio 11
Project("{FAE04EC0-301F-11D3-BF4B-00C04F79EFBC}") = "SilverlightApplication1", "SilverlightApplication1.csproj", "{B504182B-1AA1-48F7-B216-7245E2AC6AF4}"
EndProject
Project("{FAE04EC0-301F-11D3-BF4B-00C04F79EFBC}") = "SilverlightApplication1.Web", "..\SilverlightApplication1.Web\SilverlightApplication1.Web.csproj", "{94006F88-5F73-4A57-B973-C274593511BE}"
EndProject
Global
	GlobalSection(SolutionConfigurationPlatforms) = preSolution
		Debug|Any CPU = Debug|Any CPU
		Release|Any CPU = Release|Any CPU
	EndGlobalSection
	GlobalSection(ProjectConfigurationPlatforms) = postSolution
		{94006F88-5F73-4A57-B973-C274593511BE}.Debug|Any CPU.ActiveCfg = Debug|Any CPU
		{94006F88-5F73-4A57-B973-C274593511BE}.Debug|Any CPU.Build.0 = Debug|Any CPU
		{94006F88-5F73-4A57-B973-C274593511BE}.Release|Any CPU.ActiveCfg = Release|Any CPU
		{94006F88-5F73-4A57-B973-C274593511BE}.Release|Any CPU.Build.0 = Release|Any CPU
		{B504182B-1AA1-48F7-B216-7245E2AC6AF4}.Debug|Any CPU.ActiveCfg = Debug|Any CPU
		{B504182B-1AA1-48F7-B216-7245E2AC6AF4}.Debug|Any CPU.Build.0 = Debug|Any CPU
		{B504182B-1AA1-48F7-B216-7245E2AC6AF4}.Release|Any CPU.ActiveCfg = Release|Any CPU
		{B504182B-1AA1-48F7-B216-7245E2AC6AF4}.Release|Any CPU.Build.0 = Release|Any CPU
	EndGlobalSection
	GlobalSection(SolutionProperties) = preSolution
		HideSolutionNode = FALSE
	EndGlobalSection
EndGlobal
