
Microsoft Visual Studio Solution File, Format Version 11.00
# Visual Studio 2010
Project("{E24C65DC-7377-472B-9ABA-BC803B73C61A}") = "Website01", "http://localhost/Website01", "{0D20C5C5-D963-4438-9E7C-1196F3551B83}"
	ProjectSection(WebsiteProperties) = preProject
		TargetFrameworkMoniker = ".NETFramework,Version%3Dv3.5"
		Debug.AspNetCompiler.VirtualPath = "/Website01"
		Debug.AspNetCompiler.PhysicalPath = "..\Website01\"
		Debug.AspNetCompiler.TargetPath = "PrecompiledWeb\Website01\"
		Debug.AspNetCompiler.Updateable = "true"
		Debug.AspNetCompiler.ForceOverwrite = "true"
		Debug.AspNetCompiler.FixedNames = "false"
		Debug.AspNetCompiler.Debug = "True"
		Release.AspNetCompiler.VirtualPath = "/Website01"
		Release.AspNetCompiler.PhysicalPath = "..\Website01\"
		Release.AspNetCompiler.TargetPath = "PrecompiledWeb\Website01\"
		Release.AspNetCompiler.Updateable = "true"
		Release.AspNetCompiler.ForceOverwrite = "true"
		Release.AspNetCompiler.FixedNames = "false"
		Release.AspNetCompiler.Debug = "False"
		SlnRelativePath = "..\Website01\"
	EndProjectSection
EndProject
Global
	GlobalSection(SolutionConfigurationPlatforms) = preSolution
		Debug|Any CPU = Debug|Any CPU
	EndGlobalSection
	GlobalSection(ProjectConfigurationPlatforms) = postSolution
		{0D20C5C5-D963-4438-9E7C-1196F3551B83}.Debug|Any CPU.ActiveCfg = Debug|Any CPU
		{0D20C5C5-D963-4438-9E7C-1196F3551B83}.Debug|Any CPU.Build.0 = Debug|Any CPU
	EndGlobalSection
	GlobalSection(SolutionProperties) = preSolution
		HideSolutionNode = FALSE
	EndGlobalSection
EndGlobal
