Microsoft Visual Studio Solution File, Format Version 12.00
# Visual Studio Version 17
VisualStudioVersion = 17.5.2.0
MinimumVisualStudioVersion = 10.0.40219.1
Project("{FAE04EC0-301F-11D3-BF4B-00C04F79EFBC}") = "contoso-food", "contoso-food\contoso-food.csproj", "{4D0BD78B-0682-2AE4-351F-A236A11CF8F6}"
EndProject
Global
	GlobalSection(SolutionConfigurationPlatforms) = preSolution
		Debug|Any CPU = Debug|Any CPU
		Release|Any CPU = Release|Any CPU
	EndGlobalSection
	GlobalSection(ProjectConfigurationPlatforms) = postSolution
		{4D0BD78B-0682-2AE4-351F-A236A11CF8F6}.Debug|Any CPU.ActiveCfg = Debug|Any CPU
		{4D0BD78B-0682-2AE4-351F-A236A11CF8F6}.Debug|Any CPU.Build.0 = Debug|Any CPU
		{4D0BD78B-0682-2AE4-351F-A236A11CF8F6}.Release|Any CPU.ActiveCfg = Release|Any CPU
		{4D0BD78B-0682-2AE4-351F-A236A11CF8F6}.Release|Any CPU.Build.0 = Release|Any CPU
	EndGlobalSection
	GlobalSection(SolutionProperties) = preSolution
		HideSolutionNode = FALSE
	EndGlobalSection
	GlobalSection(ExtensibilityGlobals) = postSolution
		SolutionGuid = {4369FA82-2A98-41F0-8B36-A9D67F0431FF}
	EndGlobalSection
EndGlobal
