
Microsoft Visual Studio Solution File, Format Version 12.00
# Visual Studio Version 17
VisualStudioVersion = 17.6.33522.94
MinimumVisualStudioVersion = 10.0.40219.1
Project("{FAE04EC0-301F-11D3-BF4B-00C04F79EFBC}") = "BlackjackGAFromGPT", "BlackjackGAFromGPT.csproj", "{42B964C0-AB1C-49E7-9C7A-0B98AF2F94D9}"
EndProject
Global
	GlobalSection(SolutionConfigurationPlatforms) = preSolution
		Debug|Any CPU = Debug|Any CPU
		Release|Any CPU = Release|Any CPU
	EndGlobalSection
	GlobalSection(ProjectConfigurationPlatforms) = postSolution
		{42B964C0-AB1C-49E7-9C7A-0B98AF2F94D9}.Debug|Any CPU.ActiveCfg = Debug|Any CPU
		{42B964C0-AB1C-49E7-9C7A-0B98AF2F94D9}.Debug|Any CPU.Build.0 = Debug|Any CPU
		{42B964C0-AB1C-49E7-9C7A-0B98AF2F94D9}.Release|Any CPU.ActiveCfg = Release|Any CPU
		{42B964C0-AB1C-49E7-9C7A-0B98AF2F94D9}.Release|Any CPU.Build.0 = Release|Any CPU
	EndGlobalSection
	GlobalSection(SolutionProperties) = preSolution
		HideSolutionNode = FALSE
	EndGlobalSection
	GlobalSection(ExtensibilityGlobals) = postSolution
		SolutionGuid = {FBDE0563-472D-4040-8F47-C17368486147}
	EndGlobalSection
EndGlobal
