
Microsoft Visual Studio Solution File, Format Version 12.00
# Visual Studio Version 17
VisualStudioVersion = 17.11.34913.32
MinimumVisualStudioVersion = 10.0.40219.1
Project("{9A19103F-16F7-4668-BE54-9A1E7A4F7556}") = "SayedHa.OpenAPIExplorer.ConsoleRunner", "SayedHa.OpenAPIExplorer.ConsoleRunner\SayedHa.OpenAPIExplorer.ConsoleRunner.csproj", "{898A90FA-F48D-4875-81BA-335F517B6AB4}"
EndProject
Global
	GlobalSection(SolutionConfigurationPlatforms) = preSolution
		Debug|Any CPU = Debug|Any CPU
		Release|Any CPU = Release|Any CPU
	EndGlobalSection
	GlobalSection(ProjectConfigurationPlatforms) = postSolution
		{898A90FA-F48D-4875-81BA-335F517B6AB4}.Debug|Any CPU.ActiveCfg = Debug|Any CPU
		{898A90FA-F48D-4875-81BA-335F517B6AB4}.Debug|Any CPU.Build.0 = Debug|Any CPU
		{898A90FA-F48D-4875-81BA-335F517B6AB4}.Release|Any CPU.ActiveCfg = Release|Any CPU
		{898A90FA-F48D-4875-81BA-335F517B6AB4}.Release|Any CPU.Build.0 = Release|Any CPU
	EndGlobalSection
	GlobalSection(SolutionProperties) = preSolution
		HideSolutionNode = FALSE
	EndGlobalSection
	GlobalSection(ExtensibilityGlobals) = postSolution
		SolutionGuid = {0FEF682A-77AC-438A-AEBB-F7B0CD53E85F}
	EndGlobalSection
EndGlobal
