
Microsoft Visual Studio Solution File, Format Version 12.00
# Visual Studio Version 17
VisualStudioVersion = 17.11.34905.52
MinimumVisualStudioVersion = 10.0.40219.1
Project("{FAE04EC0-301F-11D3-BF4B-00C04F79EFBC}") = "WebApiProject", "WebApiProject\WebApiProject.csproj", "{82DEBA57-5C61-43A8-B7F7-07ECE1330542}"
EndProject
Project("{FAE04EC0-301F-11D3-BF4B-00C04F79EFBC}") = "MyApis", "MyApis\MyApis.csproj", "{1F568226-D816-43DD-8F21-B61887D4B319}"
EndProject
Global
	GlobalSection(SolutionConfigurationPlatforms) = preSolution
		Debug|Any CPU = Debug|Any CPU
		Release|Any CPU = Release|Any CPU
	EndGlobalSection
	GlobalSection(ProjectConfigurationPlatforms) = postSolution
		{82DEBA57-5C61-43A8-B7F7-07ECE1330542}.Debug|Any CPU.ActiveCfg = Debug|Any CPU
		{82DEBA57-5C61-43A8-B7F7-07ECE1330542}.Debug|Any CPU.Build.0 = Debug|Any CPU
		{82DEBA57-5C61-43A8-B7F7-07ECE1330542}.Release|Any CPU.ActiveCfg = Release|Any CPU
		{82DEBA57-5C61-43A8-B7F7-07ECE1330542}.Release|Any CPU.Build.0 = Release|Any CPU
		{1F568226-D816-43DD-8F21-B61887D4B319}.Debug|Any CPU.ActiveCfg = Debug|Any CPU
		{1F568226-D816-43DD-8F21-B61887D4B319}.Debug|Any CPU.Build.0 = Debug|Any CPU
		{1F568226-D816-43DD-8F21-B61887D4B319}.Release|Any CPU.ActiveCfg = Release|Any CPU
		{1F568226-D816-43DD-8F21-B61887D4B319}.Release|Any CPU.Build.0 = Release|Any CPU
	EndGlobalSection
	GlobalSection(SolutionProperties) = preSolution
		HideSolutionNode = FALSE
	EndGlobalSection
	GlobalSection(ExtensibilityGlobals) = postSolution
		SolutionGuid = {8453DE76-1018-48F2-9145-123460365210}
	EndGlobalSection
EndGlobal
