
Microsoft Visual Studio Solution File, Format Version 12.00
# Visual Studio Version 17
VisualStudioVersion = 17.0.32126.317
MinimumVisualStudioVersion = 10.0.40219.1
Project("{FAE04EC0-301F-11D3-BF4B-00C04F79EFBC}") = "WebAppLibMan01", "WebAppLibMan01\WebAppLibMan01.csproj", "{135DB79E-DE7A-48C5-B429-73BCF39AE9B7}"
EndProject
Global
	GlobalSection(SolutionConfigurationPlatforms) = preSolution
		Debug|Any CPU = Debug|Any CPU
		Release|Any CPU = Release|Any CPU
	EndGlobalSection
	GlobalSection(ProjectConfigurationPlatforms) = postSolution
		{135DB79E-DE7A-48C5-B429-73BCF39AE9B7}.Debug|Any CPU.ActiveCfg = Debug|Any CPU
		{135DB79E-DE7A-48C5-B429-73BCF39AE9B7}.Debug|Any CPU.Build.0 = Debug|Any CPU
		{135DB79E-DE7A-48C5-B429-73BCF39AE9B7}.Release|Any CPU.ActiveCfg = Release|Any CPU
		{135DB79E-DE7A-48C5-B429-73BCF39AE9B7}.Release|Any CPU.Build.0 = Release|Any CPU
	EndGlobalSection
	GlobalSection(SolutionProperties) = preSolution
		HideSolutionNode = FALSE
	EndGlobalSection
	GlobalSection(ExtensibilityGlobals) = postSolution
		SolutionGuid = {B4EA5A48-BB22-4951-B2D1-7FAC798D4475}
	EndGlobalSection
EndGlobal
