Microsoft Visual Studio Solution File, Format Version 12.00
# Visual Studio Version 17
VisualStudioVersion = 17.8.0.0
MinimumVisualStudioVersion = 17.8.0.0
Project("{9A19103F-16F7-4668-BE54-9A1E7A4F7556}") = "AspireCliReact01.AppHost", "AspireCliReact01.AppHost\AspireCliReact01.AppHost.csproj", "{F559CC13-C846-471E-91FC-D8DEFF1C77D8}"
EndProject
Project("{9A19103F-16F7-4668-BE54-9A1E7A4F7556}") = "AspireCliReact01.ServiceDefaults", "AspireCliReact01.ServiceDefaults\AspireCliReact01.ServiceDefaults.csproj", "{F3052840-B6E0-496A-8BFD-D5B24CC37603}"
EndProject
Project("{9A19103F-16F7-4668-BE54-9A1E7A4F7556}") = "AspireCliReact01.ApiService", "AspireCliReact01.ApiService\AspireCliReact01.ApiService.csproj", "{58678D9E-7ACC-4279-BC58-DDE91B88D5DF}"
EndProject
Project("{9A19103F-16F7-4668-BE54-9A1E7A4F7556}") = "AspireCliReact01.Web", "AspireCliReact01.Web\AspireCliReact01.Web.csproj", "{D2447EBA-9AC6-4361-AF4B-64208E9BDCAE}"
EndProject
Global
	GlobalSection(SolutionConfigurationPlatforms) = preSolution
		Debug|Any CPU = Debug|Any CPU
		Release|Any CPU = Release|Any CPU
	EndGlobalSection
	GlobalSection(ProjectConfigurationPlatforms) = postSolution
		{F559CC13-C846-471E-91FC-D8DEFF1C77D8}.Debug|Any CPU.ActiveCfg = Debug|Any CPU
		{F559CC13-C846-471E-91FC-D8DEFF1C77D8}.Debug|Any CPU.Build.0 = Debug|Any CPU
		{F559CC13-C846-471E-91FC-D8DEFF1C77D8}.Release|Any CPU.ActiveCfg = Release|Any CPU
		{F559CC13-C846-471E-91FC-D8DEFF1C77D8}.Release|Any CPU.Build.0 = Release|Any CPU
		{F3052840-B6E0-496A-8BFD-D5B24CC37603}.Debug|Any CPU.ActiveCfg = Debug|Any CPU
		{F3052840-B6E0-496A-8BFD-D5B24CC37603}.Debug|Any CPU.Build.0 = Debug|Any CPU
		{F3052840-B6E0-496A-8BFD-D5B24CC37603}.Release|Any CPU.ActiveCfg = Release|Any CPU
		{F3052840-B6E0-496A-8BFD-D5B24CC37603}.Release|Any CPU.Build.0 = Release|Any CPU
		{58678D9E-7ACC-4279-BC58-DDE91B88D5DF}.Debug|Any CPU.ActiveCfg = Debug|Any CPU
		{58678D9E-7ACC-4279-BC58-DDE91B88D5DF}.Debug|Any CPU.Build.0 = Debug|Any CPU
		{58678D9E-7ACC-4279-BC58-DDE91B88D5DF}.Release|Any CPU.ActiveCfg = Release|Any CPU
		{58678D9E-7ACC-4279-BC58-DDE91B88D5DF}.Release|Any CPU.Build.0 = Release|Any CPU
		{D2447EBA-9AC6-4361-AF4B-64208E9BDCAE}.Debug|Any CPU.ActiveCfg = Debug|Any CPU
		{D2447EBA-9AC6-4361-AF4B-64208E9BDCAE}.Debug|Any CPU.Build.0 = Debug|Any CPU
		{D2447EBA-9AC6-4361-AF4B-64208E9BDCAE}.Release|Any CPU.ActiveCfg = Release|Any CPU
		{D2447EBA-9AC6-4361-AF4B-64208E9BDCAE}.Release|Any CPU.Build.0 = Release|Any CPU
	EndGlobalSection
	GlobalSection(SolutionProperties) = preSolution
		HideSolutionNode = FALSE
	EndGlobalSection
	GlobalSection(ExtensibilityGlobals) = postSolution
		SolutionGuid = {F49057B1-E723-40FA-9B4A-9DFBD5393FFD}
	EndGlobalSection
EndGlobal
