
Microsoft Visual Studio Solution File, Format Version 11.00
# Visual Studio 2010
Project("{FAE04EC0-301F-11D3-BF4B-00C04F79EFBC}") = "ClickOnceCreateWebPackage", "ClickOnceCreateWebPackage\ClickOnceCreateWebPackage.csproj", "{452D587F-3796-4E9D-98A3-72D8104ABDAB}"
EndProject
Global
	GlobalSection(SolutionConfigurationPlatforms) = preSolution
		Debug|x86 = Debug|x86
		Release|x86 = Release|x86
	EndGlobalSection
	GlobalSection(ProjectConfigurationPlatforms) = postSolution
		{452D587F-3796-4E9D-98A3-72D8104ABDAB}.Debug|x86.ActiveCfg = Debug|x86
		{452D587F-3796-4E9D-98A3-72D8104ABDAB}.Debug|x86.Build.0 = Debug|x86
		{452D587F-3796-4E9D-98A3-72D8104ABDAB}.Release|x86.ActiveCfg = Release|x86
		{452D587F-3796-4E9D-98A3-72D8104ABDAB}.Release|x86.Build.0 = Release|x86
	EndGlobalSection
	GlobalSection(SolutionProperties) = preSolution
		HideSolutionNode = FALSE
	EndGlobalSection
EndGlobal
