Microsoft Visual Studio Solution File, Format Version 12.00
# Visual Studio Version 17
VisualStudioVersion = 17.8.0.0
MinimumVisualStudioVersion = 17.8.0.0
Project("{9A19103F-16F7-4668-BE54-9A1E7A4F7556}") = "AspireStarterFromCli01.AppHost", "AspireStarterFromCli01.AppHost\AspireStarterFromCli01.AppHost.csproj", "{C1CD588A-7402-47D9-A515-B868B7AB3067}"
EndProject
Project("{9A19103F-16F7-4668-BE54-9A1E7A4F7556}") = "AspireStarterFromCli01.ServiceDefaults", "AspireStarterFromCli01.ServiceDefaults\AspireStarterFromCli01.ServiceDefaults.csproj", "{77DEC19D-3362-4D26-8ACA-18B80B45A8F6}"
EndProject
Project("{9A19103F-16F7-4668-BE54-9A1E7A4F7556}") = "AspireStarterFromCli01.ApiService", "AspireStarterFromCli01.ApiService\AspireStarterFromCli01.ApiService.csproj", "{791C287F-C50F-4736-ACDB-7D34EC83F0FF}"
EndProject
Project("{9A19103F-16F7-4668-BE54-9A1E7A4F7556}") = "AspireStarterFromCli01.Web", "AspireStarterFromCli01.Web\AspireStarterFromCli01.Web.csproj", "{81D6AB24-96B7-4087-B308-7B42902E0873}"
EndProject
Global
	GlobalSection(SolutionConfigurationPlatforms) = preSolution
		Debug|Any CPU = Debug|Any CPU
		Release|Any CPU = Release|Any CPU
	EndGlobalSection
	GlobalSection(ProjectConfigurationPlatforms) = postSolution
		{C1CD588A-7402-47D9-A515-B868B7AB3067}.Debug|Any CPU.ActiveCfg = Debug|Any CPU
		{C1CD588A-7402-47D9-A515-B868B7AB3067}.Debug|Any CPU.Build.0 = Debug|Any CPU
		{C1CD588A-7402-47D9-A515-B868B7AB3067}.Release|Any CPU.ActiveCfg = Release|Any CPU
		{C1CD588A-7402-47D9-A515-B868B7AB3067}.Release|Any CPU.Build.0 = Release|Any CPU
		{77DEC19D-3362-4D26-8ACA-18B80B45A8F6}.Debug|Any CPU.ActiveCfg = Debug|Any CPU
		{77DEC19D-3362-4D26-8ACA-18B80B45A8F6}.Debug|Any CPU.Build.0 = Debug|Any CPU
		{77DEC19D-3362-4D26-8ACA-18B80B45A8F6}.Release|Any CPU.ActiveCfg = Release|Any CPU
		{77DEC19D-3362-4D26-8ACA-18B80B45A8F6}.Release|Any CPU.Build.0 = Release|Any CPU
		{791C287F-C50F-4736-ACDB-7D34EC83F0FF}.Debug|Any CPU.ActiveCfg = Debug|Any CPU
		{791C287F-C50F-4736-ACDB-7D34EC83F0FF}.Debug|Any CPU.Build.0 = Debug|Any CPU
		{791C287F-C50F-4736-ACDB-7D34EC83F0FF}.Release|Any CPU.ActiveCfg = Release|Any CPU
		{791C287F-C50F-4736-ACDB-7D34EC83F0FF}.Release|Any CPU.Build.0 = Release|Any CPU
		{81D6AB24-96B7-4087-B308-7B42902E0873}.Debug|Any CPU.ActiveCfg = Debug|Any CPU
		{81D6AB24-96B7-4087-B308-7B42902E0873}.Debug|Any CPU.Build.0 = Debug|Any CPU
		{81D6AB24-96B7-4087-B308-7B42902E0873}.Release|Any CPU.ActiveCfg = Release|Any CPU
		{81D6AB24-96B7-4087-B308-7B42902E0873}.Release|Any CPU.Build.0 = Release|Any CPU
	EndGlobalSection
	GlobalSection(SolutionProperties) = preSolution
		HideSolutionNode = FALSE
	EndGlobalSection
	GlobalSection(ExtensibilityGlobals) = postSolution
		SolutionGuid = {D65DFFFF-ABB2-4C2B-857B-1D2E715962EB}
	EndGlobalSection
EndGlobal
